
Microsoft Visual Studio Solution File, Format Version 12.00
# Visual Studio 15
Project("{FAE04EC0-301F-11D3-BF4B-00C04F79EFBC}") = "TodoApi-gRPC-Dapper", "TodoApi-gRPC-Dapper\TodoApi-gRPC-Dapper.csproj", "{62A402F7-009B-4E1A-A3FC-E817E30E5B6C}"
EndProject
Project("{FAE04EC0-301F-11D3-BF4B-00C04F79EFBC}") = "TodoApi-gRPC-Dapper.Tests", "TodoApi-gRPC-Dapper.Tests\TodoApi-gRPC-Dapper.Tests.csproj", "{F67E2E5C-4F11-4E58-84EB-72E3C9BFB572}"
EndProject
Global
	GlobalSection(SolutionConfigurationPlatforms) = preSolution
		Debug|Any CPU = Debug|Any CPU
		Release|Any CPU = Release|Any CPU
	EndGlobalSection
	GlobalSection(ProjectConfigurationPlatforms) = postSolution
		{62A402F7-009B-4E1A-A3FC-E817E30E5B6C}.Debug|Any CPU.ActiveCfg = Debug|Any CPU
		{62A402F7-009B-4E1A-A3FC-E817E30E5B6C}.Debug|Any CPU.Build.0 = Debug|Any CPU
		{62A402F7-009B-4E1A-A3FC-E817E30E5B6C}.Release|Any CPU.ActiveCfg = Release|Any CPU
		{62A402F7-009B-4E1A-A3FC-E817E30E5B6C}.Release|Any CPU.Build.0 = Release|Any CPU
		{F67E2E5C-4F11-4E58-84EB-72E3C9BFB572}.Debug|Any CPU.ActiveCfg = Debug|Any CPU
		{F67E2E5C-4F11-4E58-84EB-72E3C9BFB572}.Debug|Any CPU.Build.0 = Debug|Any CPU
		{F67E2E5C-4F11-4E58-84EB-72E3C9BFB572}.Release|Any CPU.ActiveCfg = Release|Any CPU
		{F67E2E5C-4F11-4E58-84EB-72E3C9BFB572}.Release|Any CPU.Build.0 = Release|Any CPU
	EndGlobalSection
EndGlobal
